
Microsoft Visual Studio Solution File, Format Version 12.00
# Visual Studio Version 16
VisualStudioVersion = 16.0.31321.278
MinimumVisualStudioVersion = 10.0.40219.1
Project("{FAE04EC0-301F-11D3-BF4B-00C04F79EFBC}") = "Lesson 4 question 3", "Lesson 4 question 3\Lesson 4 question 3.csproj", "{9497EBC7-B8CD-4C5D-8648-36923D821574}"
EndProject
Global
	GlobalSection(SolutionConfigurationPlatforms) = preSolution
		Debug|Any CPU = Debug|Any CPU
		Release|Any CPU = Release|Any CPU
	EndGlobalSection
	GlobalSection(ProjectConfigurationPlatforms) = postSolution
		{9497EBC7-B8CD-4C5D-8648-36923D821574}.Debug|Any CPU.ActiveCfg = Debug|Any CPU
		{9497EBC7-B8CD-4C5D-8648-36923D821574}.Debug|Any CPU.Build.0 = Debug|Any CPU
		{9497EBC7-B8CD-4C5D-8648-36923D821574}.Release|Any CPU.ActiveCfg = Release|Any CPU
		{9497EBC7-B8CD-4C5D-8648-36923D821574}.Release|Any CPU.Build.0 = Release|Any CPU
	EndGlobalSection
	GlobalSection(SolutionProperties) = preSolution
		HideSolutionNode = FALSE
	EndGlobalSection
	GlobalSection(ExtensibilityGlobals) = postSolution
		SolutionGuid = {ECD8DF76-A6DD-4B30-B7E6-8F29E8F127CA}
	EndGlobalSection
EndGlobal
